
Microsoft Visual Studio Solution File, Format Version 12.00
# Visual Studio Version 17
VisualStudioVersion = 17.3.32825.248
MinimumVisualStudioVersion = 10.0.40219.1
Project("{FAE04EC0-301F-11D3-BF4B-00C04F79EFBC}") = "Ensek", "Ensek\Ensek.csproj", "{AF6E7A7D-6091-4023-BD24-A708B88232DE}"
EndProject
Project("{FAE04EC0-301F-11D3-BF4B-00C04F79EFBC}") = "DAL", "DAL\DAL.csproj", "{EFD31B05-A96E-4D73-94A1-A47A2CD5E29E}"
EndProject
Project("{FAE04EC0-301F-11D3-BF4B-00C04F79EFBC}") = "Ensek.Tests", "Ensek.Tests\Ensek.Tests.csproj", "{DFE41E33-8FDD-4187-89E2-F4968A7ED15C}"
EndProject
Global
	GlobalSection(SolutionConfigurationPlatforms) = preSolution
		Debug|Any CPU = Debug|Any CPU
		Release|Any CPU = Release|Any CPU
	EndGlobalSection
	GlobalSection(ProjectConfigurationPlatforms) = postSolution
		{AF6E7A7D-6091-4023-BD24-A708B88232DE}.Debug|Any CPU.ActiveCfg = Debug|Any CPU
		{AF6E7A7D-6091-4023-BD24-A708B88232DE}.Debug|Any CPU.Build.0 = Debug|Any CPU
		{AF6E7A7D-6091-4023-BD24-A708B88232DE}.Release|Any CPU.ActiveCfg = Release|Any CPU
		{AF6E7A7D-6091-4023-BD24-A708B88232DE}.Release|Any CPU.Build.0 = Release|Any CPU
		{EFD31B05-A96E-4D73-94A1-A47A2CD5E29E}.Debug|Any CPU.ActiveCfg = Debug|Any CPU
		{EFD31B05-A96E-4D73-94A1-A47A2CD5E29E}.Debug|Any CPU.Build.0 = Debug|Any CPU
		{EFD31B05-A96E-4D73-94A1-A47A2CD5E29E}.Release|Any CPU.ActiveCfg = Release|Any CPU
		{EFD31B05-A96E-4D73-94A1-A47A2CD5E29E}.Release|Any CPU.Build.0 = Release|Any CPU
		{DFE41E33-8FDD-4187-89E2-F4968A7ED15C}.Debug|Any CPU.ActiveCfg = Debug|Any CPU
		{DFE41E33-8FDD-4187-89E2-F4968A7ED15C}.Debug|Any CPU.Build.0 = Debug|Any CPU
		{DFE41E33-8FDD-4187-89E2-F4968A7ED15C}.Release|Any CPU.ActiveCfg = Release|Any CPU
		{DFE41E33-8FDD-4187-89E2-F4968A7ED15C}.Release|Any CPU.Build.0 = Release|Any CPU
	EndGlobalSection
	GlobalSection(SolutionProperties) = preSolution
		HideSolutionNode = FALSE
	EndGlobalSection
	GlobalSection(ExtensibilityGlobals) = postSolution
		SolutionGuid = {6343AB76-6971-4DC8-9A83-4C0DBDBD1FA5}
	EndGlobalSection
EndGlobal
